// !$*UTF8*$!
{
	archiveVersion = 1;
	classes = {
	};
	objectVersion = 50;
	objects = {

/* Begin PBXBuildFile section */
		068FB01739FEF715F90083FD /* Pods_GeniusGameTests.framework in Frameworks */ = {isa = PBXBuildFile; fileRef = 13320B5CDC84D64D8B517023 /* Pods_GeniusGameTests.framework */; };
		4747089C20B9794300D76BA2 /* GeniusGameTests.swift in Sources */ = {isa = PBXBuildFile; fileRef = 4747089B20B9794300D76BA2 /* GeniusGameTests.swift */; };
		474708BB20B97A9900D76BA2 /* LaunchScreen.storyboard in Resources */ = {isa = PBXBuildFile; fileRef = 474708A720B97A9900D76BA2 /* LaunchScreen.storyboard */; };
		474708BC20B97A9900D76BA2 /* Assets.xcassets in Resources */ = {isa = PBXBuildFile; fileRef = 474708A820B97A9900D76BA2 /* Assets.xcassets */; };
		474708BD20B97A9900D76BA2 /* Info.plist in Resources */ = {isa = PBXBuildFile; fileRef = 474708A920B97A9900D76BA2 /* Info.plist */; };
		474708BE20B97A9900D76BA2 /* AppDelegate.swift in Sources */ = {isa = PBXBuildFile; fileRef = 474708AC20B97A9900D76BA2 /* AppDelegate.swift */; };
		474708BF20B97A9900D76BA2 /* ViewController.swift in Sources */ = {isa = PBXBuildFile; fileRef = 474708B120B97A9900D76BA2 /* ViewController.swift */; };
		4D7A8F4909110F824657D9CE /* Pods_GeniusGame.framework in Frameworks */ = {isa = PBXBuildFile; fileRef = E95D1D10EF9187409B4133B5 /* Pods_GeniusGame.framework */; };
/* End PBXBuildFile section */

/* Begin PBXContainerItemProxy section */
		4747089820B9794300D76BA2 /* PBXContainerItemProxy */ = {
			isa = PBXContainerItemProxy;
			containerPortal = 4747087B20B9794100D76BA2 /* Project object */;
			proxyType = 1;
			remoteGlobalIDString = 4747088220B9794100D76BA2;
			remoteInfo = GeniusGame;
		};
/* End PBXContainerItemProxy section */

/* Begin PBXFileReference section */
		13320B5CDC84D64D8B517023 /* Pods_GeniusGameTests.framework */ = {isa = PBXFileReference; explicitFileType = wrapper.framework; includeInIndex = 0; path = Pods_GeniusGameTests.framework; sourceTree = BUILT_PRODUCTS_DIR; };
		4747088320B9794100D76BA2 /* GeniusGame.app */ = {isa = PBXFileReference; explicitFileType = wrapper.application; includeInIndex = 0; path = GeniusGame.app; sourceTree = BUILT_PRODUCTS_DIR; };
		4747089720B9794300D76BA2 /* GeniusGameTests.xctest */ = {isa = PBXFileReference; explicitFileType = wrapper.cfbundle; includeInIndex = 0; path = GeniusGameTests.xctest; sourceTree = BUILT_PRODUCTS_DIR; };
		4747089B20B9794300D76BA2 /* GeniusGameTests.swift */ = {isa = PBXFileReference; lastKnownFileType = sourcecode.swift; path = GeniusGameTests.swift; sourceTree = "<group>"; };
		4747089D20B9794300D76BA2 /* Info.plist */ = {isa = PBXFileReference; lastKnownFileType = text.plist.xml; path = Info.plist; sourceTree = "<group>"; };
		474708A720B97A9900D76BA2 /* LaunchScreen.storyboard */ = {isa = PBXFileReference; fileEncoding = 4; lastKnownFileType = file.storyboard; path = LaunchScreen.storyboard; sourceTree = "<group>"; };
		474708A820B97A9900D76BA2 /* Assets.xcassets */ = {isa = PBXFileReference; lastKnownFileType = folder.assetcatalog; path = Assets.xcassets; sourceTree = "<group>"; };
		474708A920B97A9900D76BA2 /* Info.plist */ = {isa = PBXFileReference; fileEncoding = 4; lastKnownFileType = text.plist.xml; path = Info.plist; sourceTree = "<group>"; };
		474708AC20B97A9900D76BA2 /* AppDelegate.swift */ = {isa = PBXFileReference; fileEncoding = 4; lastKnownFileType = sourcecode.swift; path = AppDelegate.swift; sourceTree = "<group>"; };
		474708B120B97A9900D76BA2 /* ViewController.swift */ = {isa = PBXFileReference; fileEncoding = 4; lastKnownFileType = sourcecode.swift; path = ViewController.swift; sourceTree = "<group>"; };
		6D49B2A3D693522C12B33A63 /* Pods-GeniusGameTests.debug.xcconfig */ = {isa = PBXFileReference; includeInIndex = 1; lastKnownFileType = text.xcconfig; name = "Pods-GeniusGameTests.debug.xcconfig"; path = "Pods/Target Support Files/Pods-GeniusGameTests/Pods-GeniusGameTests.debug.xcconfig"; sourceTree = "<group>"; };
		84E8B1059C1B63C57BE04384 /* Pods-GeniusGame.debug.xcconfig */ = {isa = PBXFileReference; includeInIndex = 1; lastKnownFileType = text.xcconfig; name = "Pods-GeniusGame.debug.xcconfig"; path = "Pods/Target Support Files/Pods-GeniusGame/Pods-GeniusGame.debug.xcconfig"; sourceTree = "<group>"; };
		86AF5C213D4A143F4CE5C036 /* Pods-GeniusGameTests.release.xcconfig */ = {isa = PBXFileReference; includeInIndex = 1; lastKnownFileType = text.xcconfig; name = "Pods-GeniusGameTests.release.xcconfig"; path = "Pods/Target Support Files/Pods-GeniusGameTests/Pods-GeniusGameTests.release.xcconfig"; sourceTree = "<group>"; };
		D3239B960AEC0EE7399880C2 /* Pods-GeniusGame.release.xcconfig */ = {isa = PBXFileReference; includeInIndex = 1; lastKnownFileType = text.xcconfig; name = "Pods-GeniusGame.release.xcconfig"; path = "Pods/Target Support Files/Pods-GeniusGame/Pods-GeniusGame.release.xcconfig"; sourceTree = "<group>"; };
		E95D1D10EF9187409B4133B5 /* Pods_GeniusGame.framework */ = {isa = PBXFileReference; explicitFileType = wrapper.framework; includeInIndex = 0; path = Pods_GeniusGame.framework; sourceTree = BUILT_PRODUCTS_DIR; };
/* End PBXFileReference section */

/* Begin PBXFrameworksBuildPhase section */
		4747088020B9794100D76BA2 /* Frameworks */ = {
			isa = PBXFrameworksBuildPhase;
			buildActionMask = 2147483647;
			files = (
				4D7A8F4909110F824657D9CE /* Pods_GeniusGame.framework in Frameworks */,
			);
			runOnlyForDeploymentPostprocessing = 0;
		};
		4747089420B9794300D76BA2 /* Frameworks */ = {
			isa = PBXFrameworksBuildPhase;
			buildActionMask = 2147483647;
			files = (
				068FB01739FEF715F90083FD /* Pods_GeniusGameTests.framework in Frameworks */,
			);
			runOnlyForDeploymentPostprocessing = 0;
		};
/* End PBXFrameworksBuildPhase section */

/* Begin PBXGroup section */
		4747087A20B9794100D76BA2 = {
			isa = PBXGroup;
			children = (
				4747088520B9794100D76BA2 /* GeniusGame */,
				4747089A20B9794300D76BA2 /* GeniusGameTests */,
				4747088420B9794100D76BA2 /* Products */,
				D30F9110F6968DAE75B0CF96 /* Pods */,
				6E51221A925BB7A1179B18E8 /* Frameworks */,
			);
			sourceTree = "<group>";
		};
		4747088420B9794100D76BA2 /* Products */ = {
			isa = PBXGroup;
			children = (
				4747088320B9794100D76BA2 /* GeniusGame.app */,
				4747089720B9794300D76BA2 /* GeniusGameTests.xctest */,
			);
			name = Products;
			sourceTree = "<group>";
		};
		4747088520B9794100D76BA2 /* GeniusGame */ = {
			isa = PBXGroup;
			children = (
				474708A620B97A9900D76BA2 /* Resources */,
				474708AA20B97A9900D76BA2 /* Sources */,
			);
			path = GeniusGame;
			sourceTree = "<group>";
		};
		4747089A20B9794300D76BA2 /* GeniusGameTests */ = {
			isa = PBXGroup;
			children = (
				4747089B20B9794300D76BA2 /* GeniusGameTests.swift */,
				4747089D20B9794300D76BA2 /* Info.plist */,
			);
			path = GeniusGameTests;
			sourceTree = "<group>";
		};
		474708A620B97A9900D76BA2 /* Resources */ = {
			isa = PBXGroup;
			children = (
				474708A720B97A9900D76BA2 /* LaunchScreen.storyboard */,
				474708A820B97A9900D76BA2 /* Assets.xcassets */,
				474708A920B97A9900D76BA2 /* Info.plist */,
			);
			path = Resources;
			sourceTree = "<group>";
		};
		474708AA20B97A9900D76BA2 /* Sources */ = {
			isa = PBXGroup;
			children = (
				474708AB20B97A9900D76BA2 /* App */,
				474708AD20B97A9900D76BA2 /* Module */,
				474708B820B97A9900D76BA2 /* Extensions */,
				474708B920B97A9900D76BA2 /* Model */,
				474708BA20B97A9900D76BA2 /* Protocols */,
			);
			path = Sources;
			sourceTree = "<group>";
		};
		474708AB20B97A9900D76BA2 /* App */ = {
			isa = PBXGroup;
			children = (
				474708AC20B97A9900D76BA2 /* AppDelegate.swift */,
			);
			path = App;
			sourceTree = "<group>";
		};
		474708AD20B97A9900D76BA2 /* Module */ = {
			isa = PBXGroup;
			children = (
				474708AE20B97A9900D76BA2 /* Game */,
				474708B320B97A9900D76BA2 /* StartGame */,
			);
			path = Module;
			sourceTree = "<group>";
		};
		474708AE20B97A9900D76BA2 /* Game */ = {
			isa = PBXGroup;
			children = (
				474708AF20B97A9900D76BA2 /* ViewModel */,
				474708B020B97A9900D76BA2 /* Controller */,
				474708B220B97A9900D76BA2 /* View */,
			);
			path = Game;
			sourceTree = "<group>";
		};
		474708AF20B97A9900D76BA2 /* ViewModel */ = {
			isa = PBXGroup;
			children = (
			);
			path = ViewModel;
			sourceTree = "<group>";
		};
		474708B020B97A9900D76BA2 /* Controller */ = {
			isa = PBXGroup;
			children = (
				474708B120B97A9900D76BA2 /* ViewController.swift */,
			);
			path = Controller;
			sourceTree = "<group>";
		};
		474708B220B97A9900D76BA2 /* View */ = {
			isa = PBXGroup;
			children = (
			);
			path = View;
			sourceTree = "<group>";
		};
		474708B320B97A9900D76BA2 /* StartGame */ = {
			isa = PBXGroup;
			children = (
				474708B420B97A9900D76BA2 /* ViewModel */,
				474708B520B97A9900D76BA2 /* Controller */,
				474708B620B97A9900D76BA2 /* View */,
			);
			path = StartGame;
			sourceTree = "<group>";
		};
		474708B420B97A9900D76BA2 /* ViewModel */ = {
			isa = PBXGroup;
			children = (
			);
			path = ViewModel;
			sourceTree = "<group>";
		};
		474708B520B97A9900D76BA2 /* Controller */ = {
			isa = PBXGroup;
			children = (
			);
			path = Controller;
			sourceTree = "<group>";
		};
		474708B620B97A9900D76BA2 /* View */ = {
			isa = PBXGroup;
			children = (
			);
			path = View;
			sourceTree = "<group>";
		};
		474708B820B97A9900D76BA2 /* Extensions */ = {
			isa = PBXGroup;
			children = (
			);
			path = Extensions;
			sourceTree = "<group>";
		};
		474708B920B97A9900D76BA2 /* Model */ = {
			isa = PBXGroup;
			children = (
			);
			path = Model;
			sourceTree = "<group>";
		};
		474708BA20B97A9900D76BA2 /* Protocols */ = {
			isa = PBXGroup;
			children = (
			);
			path = Protocols;
			sourceTree = "<group>";
		};
		6E51221A925BB7A1179B18E8 /* Frameworks */ = {
			isa = PBXGroup;
			children = (
				E95D1D10EF9187409B4133B5 /* Pods_GeniusGame.framework */,
				13320B5CDC84D64D8B517023 /* Pods_GeniusGameTests.framework */,
			);
			name = Frameworks;
			sourceTree = "<group>";
		};
		D30F9110F6968DAE75B0CF96 /* Pods */ = {
			isa = PBXGroup;
			children = (
				84E8B1059C1B63C57BE04384 /* Pods-GeniusGame.debug.xcconfig */,
				D3239B960AEC0EE7399880C2 /* Pods-GeniusGame.release.xcconfig */,
				6D49B2A3D693522C12B33A63 /* Pods-GeniusGameTests.debug.xcconfig */,
				86AF5C213D4A143F4CE5C036 /* Pods-GeniusGameTests.release.xcconfig */,
			);
			name = Pods;
			sourceTree = "<group>";
		};
/* End PBXGroup section */

/* Begin PBXNativeTarget section */
		4747088220B9794100D76BA2 /* GeniusGame */ = {
			isa = PBXNativeTarget;
			buildConfigurationList = 474708A020B9794300D76BA2 /* Build configuration list for PBXNativeTarget "GeniusGame" */;
			buildPhases = (
				9D56B6D8F8BF9FA833AF57A4 /* [CP] Check Pods Manifest.lock */,
				4747087F20B9794100D76BA2 /* Sources */,
				4747088020B9794100D76BA2 /* Frameworks */,
				4747088120B9794100D76BA2 /* Resources */,
				418CC252F0CB16AE92134E39 /* [CP] Embed Pods Frameworks */,
			);
			buildRules = (
			);
			dependencies = (
			);
			name = GeniusGame;
			productName = GeniusGame;
			productReference = 4747088320B9794100D76BA2 /* GeniusGame.app */;
			productType = "com.apple.product-type.application";
		};
		4747089620B9794300D76BA2 /* GeniusGameTests */ = {
			isa = PBXNativeTarget;
			buildConfigurationList = 474708A320B9794300D76BA2 /* Build configuration list for PBXNativeTarget "GeniusGameTests" */;
			buildPhases = (
				59A96104BD28A2B5BD3D3B2D /* [CP] Check Pods Manifest.lock */,
				4747089320B9794300D76BA2 /* Sources */,
				4747089420B9794300D76BA2 /* Frameworks */,
				4747089520B9794300D76BA2 /* Resources */,
			);
			buildRules = (
			);
			dependencies = (
				4747089920B9794300D76BA2 /* PBXTargetDependency */,
			);
			name = GeniusGameTests;
			productName = GeniusGameTests;
			productReference = 4747089720B9794300D76BA2 /* GeniusGameTests.xctest */;
			productType = "com.apple.product-type.bundle.unit-test";
		};
/* End PBXNativeTarget section */

/* Begin PBXProject section */
		4747087B20B9794100D76BA2 /* Project object */ = {
			isa = PBXProject;
			attributes = {
				LastSwiftUpdateCheck = 0930;
				LastUpgradeCheck = 0930;
				ORGANIZATIONNAME = "Andre Vieira";
				TargetAttributes = {
					4747088220B9794100D76BA2 = {
						CreatedOnToolsVersion = 9.3.1;
					};
					4747089620B9794300D76BA2 = {
						CreatedOnToolsVersion = 9.3.1;
						TestTargetID = 4747088220B9794100D76BA2;
					};
				};
			};
			buildConfigurationList = 4747087E20B9794100D76BA2 /* Build configuration list for PBXProject "GeniusGame" */;
			compatibilityVersion = "Xcode 9.3";
			developmentRegion = en;
			hasScannedForEncodings = 0;
			knownRegions = (
				en,
				Base,
			);
			mainGroup = 4747087A20B9794100D76BA2;
			productRefGroup = 4747088420B9794100D76BA2 /* Products */;
			projectDirPath = "";
			projectRoot = "";
			targets = (
				4747088220B9794100D76BA2 /* GeniusGame */,
				4747089620B9794300D76BA2 /* GeniusGameTests */,
			);
		};
/* End PBXProject section */

/* Begin PBXResourcesBuildPhase section */
		4747088120B9794100D76BA2 /* Resources */ = {
			isa = PBXResourcesBuildPhase;
			buildActionMask = 2147483647;
			files = (
				474708BC20B97A9900D76BA2 /* Assets.xcassets in Resources */,
				474708BB20B97A9900D76BA2 /* LaunchScreen.storyboard in Resources */,
				474708BD20B97A9900D76BA2 /* Info.plist in Resources */,
			);
			runOnlyForDeploymentPostprocessing = 0;
		};
		4747089520B9794300D76BA2 /* Resources */ = {
			isa = PBXResourcesBuildPhase;
			buildActionMask = 2147483647;
			files = (
			);
			runOnlyForDeploymentPostprocessing = 0;
		};
/* End PBXResourcesBuildPhase section */

/* Begin PBXShellScriptBuildPhase section */
		418CC252F0CB16AE92134E39 /* [CP] Embed Pods Frameworks */ = {
			isa = PBXShellScriptBuildPhase;
			buildActionMask = 2147483647;
			files = (
			);
			inputPaths = (
				"${SRCROOT}/Pods/Target Support Files/Pods-GeniusGame/Pods-GeniusGame-frameworks.sh",
				"${BUILT_PRODUCTS_DIR}/SnapKit/SnapKit.framework",
			);
			name = "[CP] Embed Pods Frameworks";
			outputPaths = (
				"${TARGET_BUILD_DIR}/${FRAMEWORKS_FOLDER_PATH}/SnapKit.framework",
			);
			runOnlyForDeploymentPostprocessing = 0;
			shellPath = /bin/sh;
			shellScript = "\"${SRCROOT}/Pods/Target Support Files/Pods-GeniusGame/Pods-GeniusGame-frameworks.sh\"\n";
			showEnvVarsInLog = 0;
		};
		59A96104BD28A2B5BD3D3B2D /* [CP] Check Pods Manifest.lock */ = {
			isa = PBXShellScriptBuildPhase;
			buildActionMask = 2147483647;
			files = (
			);
			inputPaths = (
				"${PODS_PODFILE_DIR_PATH}/Podfile.lock",
				"${PODS_ROOT}/Manifest.lock",
			);
			name = "[CP] Check Pods Manifest.lock";
			outputPaths = (
				"$(DERIVED_FILE_DIR)/Pods-GeniusGameTests-checkManifestLockResult.txt",
			);
			runOnlyForDeploymentPostprocessing = 0;
			shellPath = /bin/sh;
			shellScript = "diff \"${PODS_PODFILE_DIR_PATH}/Podfile.lock\" \"${PODS_ROOT}/Manifest.lock\" > /dev/null\nif [ $? != 0 ] ; then\n    # print error to STDERR\n    echo \"error: The sandbox is not in sync with the Podfile.lock. Run 'pod install' or update your CocoaPods installation.\" >&2\n    exit 1\nfi\n# This output is used by Xcode 'outputs' to avoid re-running this script phase.\necho \"SUCCESS\" > \"${SCRIPT_OUTPUT_FILE_0}\"\n";
			showEnvVarsInLog = 0;
		};
		9D56B6D8F8BF9FA833AF57A4 /* [CP] Check Pods Manifest.lock */ = {
			isa = PBXShellScriptBuildPhase;
			buildActionMask = 2147483647;
			files = (
			);
			inputPaths = (
				"${PODS_PODFILE_DIR_PATH}/Podfile.lock",
				"${PODS_ROOT}/Manifest.lock",
			);
			name = "[CP] Check Pods Manifest.lock";
			outputPaths = (
				"$(DERIVED_FILE_DIR)/Pods-GeniusGame-checkManifestLockResult.txt",
			);
			runOnlyForDeploymentPostprocessing = 0;
			shellPath = /bin/sh;
			shellScript = "diff \"${PODS_PODFILE_DIR_PATH}/Podfile.lock\" \"${PODS_ROOT}/Manifest.lock\" > /dev/null\nif [ $? != 0 ] ; then\n    # print error to STDERR\n    echo \"error: The sandbox is not in sync with the Podfile.lock. Run 'pod install' or update your CocoaPods installation.\" >&2\n    exit 1\nfi\n# This output is used by Xcode 'outputs' to avoid re-running this script phase.\necho \"SUCCESS\" > \"${SCRIPT_OUTPUT_FILE_0}\"\n";
			showEnvVarsInLog = 0;
		};
/* End PBXShellScriptBuildPhase section */

/* Begin PBXSourcesBuildPhase section */
		4747087F20B9794100D76BA2 /* Sources */ = {
			isa = PBXSourcesBuildPhase;
			buildActionMask = 2147483647;
			files = (
				474708BF20B97A9900D76BA2 /* ViewController.swift in Sources */,
				474708BE20B97A9900D76BA2 /* AppDelegate.swift in Sources */,
			);
			runOnlyForDeploymentPostprocessing = 0;
		};
		4747089320B9794300D76BA2 /* Sources */ = {
			isa = PBXSourcesBuildPhase;
			buildActionMask = 2147483647;
			files = (
				4747089C20B9794300D76BA2 /* GeniusGameTests.swift in Sources */,
			);
			runOnlyForDeploymentPostprocessing = 0;
		};
/* End PBXSourcesBuildPhase section */

/* Begin PBXTargetDependency section */
		4747089920B9794300D76BA2 /* PBXTargetDependency */ = {
			isa = PBXTargetDependency;
			target = 4747088220B9794100D76BA2 /* GeniusGame */;
			targetProxy = 4747089820B9794300D76BA2 /* PBXContainerItemProxy */;
		};
/* End PBXTargetDependency section */

/* Begin XCBuildConfiguration section */
		4747089E20B9794300D76BA2 /* Debug */ = {
			isa = XCBuildConfiguration;
			buildSettings = {
				ALWAYS_SEARCH_USER_PATHS = NO;
				CLANG_ANALYZER_NONNULL = YES;
				CLANG_ANALYZER_NUMBER_OBJECT_CONVERSION = YES_AGGRESSIVE;
				CLANG_CXX_LANGUAGE_STANDARD = "gnu++14";
				CLANG_CXX_LIBRARY = "libc++";
				CLANG_ENABLE_MODULES = YES;
				CLANG_ENABLE_OBJC_ARC = YES;
				CLANG_ENABLE_OBJC_WEAK = YES;
				CLANG_WARN_BLOCK_CAPTURE_AUTORELEASING = YES;
				CLANG_WARN_BOOL_CONVERSION = YES;
				CLANG_WARN_COMMA = YES;
				CLANG_WARN_CONSTANT_CONVERSION = YES;
				CLANG_WARN_DEPRECATED_OBJC_IMPLEMENTATIONS = YES;
				CLANG_WARN_DIRECT_OBJC_ISA_USAGE = YES_ERROR;
				CLANG_WARN_DOCUMENTATION_COMMENTS = YES;
				CLANG_WARN_EMPTY_BODY = YES;
				CLANG_WARN_ENUM_CONVERSION = YES;
				CLANG_WARN_INFINITE_RECURSION = YES;
				CLANG_WARN_INT_CONVERSION = YES;
				CLANG_WARN_NON_LITERAL_NULL_CONVERSION = YES;
				CLANG_WARN_OBJC_IMPLICIT_RETAIN_SELF = YES;
				CLANG_WARN_OBJC_LITERAL_CONVERSION = YES;
				CLANG_WARN_OBJC_ROOT_CLASS = YES_ERROR;
				CLANG_WARN_RANGE_LOOP_ANALYSIS = YES;
				CLANG_WARN_STRICT_PROTOTYPES = YES;
				CLANG_WARN_SUSPICIOUS_MOVE = YES;
				CLANG_WARN_UNGUARDED_AVAILABILITY = YES_AGGRESSIVE;
				CLANG_WARN_UNREACHABLE_CODE = YES;
				CLANG_WARN__DUPLICATE_METHOD_MATCH = YES;
				CODE_SIGN_IDENTITY = "iPhone Developer";
				COPY_PHASE_STRIP = NO;
				DEBUG_INFORMATION_FORMAT = dwarf;
				ENABLE_STRICT_OBJC_MSGSEND = YES;
				ENABLE_TESTABILITY = YES;
				GCC_C_LANGUAGE_STANDARD = gnu11;
				GCC_DYNAMIC_NO_PIC = NO;
				GCC_NO_COMMON_BLOCKS = YES;
				GCC_OPTIMIZATION_LEVEL = 0;
				GCC_PREPROCESSOR_DEFINITIONS = (
					"DEBUG=1",
					"$(inherited)",
				);
				GCC_WARN_64_TO_32_BIT_CONVERSION = YES;
				GCC_WARN_ABOUT_RETURN_TYPE = YES_ERROR;
				GCC_WARN_UNDECLARED_SELECTOR = YES;
				GCC_WARN_UNINITIALIZED_AUTOS = YES_AGGRESSIVE;
				GCC_WARN_UNUSED_FUNCTION = YES;
				GCC_WARN_UNUSED_VARIABLE = YES;
				IPHONEOS_DEPLOYMENT_TARGET = 11.3;
				MTL_ENABLE_DEBUG_INFO = YES;
				ONLY_ACTIVE_ARCH = YES;
				SDKROOT = iphoneos;
				SWIFT_ACTIVE_COMPILATION_CONDITIONS = DEBUG;
				SWIFT_OPTIMIZATION_LEVEL = "-Onone";
			};
			name = Debug;
		};
		4747089F20B9794300D76BA2 /* Release */ = {
			isa = XCBuildConfiguration;
			buildSettings = {
				ALWAYS_SEARCH_USER_PATHS = NO;
				CLANG_ANALYZER_NONNULL = YES;
				CLANG_ANALYZER_NUMBER_OBJECT_CONVERSION = YES_AGGRESSIVE;
				CLANG_CXX_LANGUAGE_STANDARD = "gnu++14";
				CLANG_CXX_LIBRARY = "libc++";
				CLANG_ENABLE_MODULES = YES;
				CLANG_ENABLE_OBJC_ARC = YES;
				CLANG_ENABLE_OBJC_WEAK = YES;
				CLANG_WARN_BLOCK_CAPTURE_AUTORELEASING = YES;
				CLANG_WARN_BOOL_CONVERSION = YES;
				CLANG_WARN_COMMA = YES;
				CLANG_WARN_CONSTANT_CONVERSION = YES;
				CLANG_WARN_DEPRECATED_OBJC_IMPLEMENTATIONS = YES;
				CLANG_WARN_DIRECT_OBJC_ISA_USAGE = YES_ERROR;
				CLANG_WARN_DOCUMENTATION_COMMENTS = YES;
				CLANG_WARN_EMPTY_BODY = YES;
				CLANG_WARN_ENUM_CONVERSION = YES;
				CLANG_WARN_INFINITE_RECURSION = YES;
				CLANG_WARN_INT_CONVERSION = YES;
				CLANG_WARN_NON_LITERAL_NULL_CONVERSION = YES;
				CLANG_WARN_OBJC_IMPLICIT_RETAIN_SELF = YES;
				CLANG_WARN_OBJC_LITERAL_CONVERSION = YES;
				CLANG_WARN_OBJC_ROOT_CLASS = YES_ERROR;
				CLANG_WARN_RANGE_LOOP_ANALYSIS = YES;
				CLANG_WARN_STRICT_PROTOTYPES = YES;
				CLANG_WARN_SUSPICIOUS_MOVE = YES;
				CLANG_WARN_UNGUARDED_AVAILABILITY = YES_AGGRESSIVE;
				CLANG_WARN_UNREACHABLE_CODE = YES;
				CLANG_WARN__DUPLICATE_METHOD_MATCH = YES;
				CODE_SIGN_IDENTITY = "iPhone Developer";
				COPY_PHASE_STRIP = NO;
				DEBUG_INFORMATION_FORMAT = "dwarf-with-dsym";
				ENABLE_NS_ASSERTIONS = NO;
				ENABLE_STRICT_OBJC_MSGSEND = YES;
				GCC_C_LANGUAGE_STANDARD = gnu11;
				GCC_NO_COMMON_BLOCKS = YES;
				GCC_WARN_64_TO_32_BIT_CONVERSION = YES;
				GCC_WARN_ABOUT_RETURN_TYPE = YES_ERROR;
				GCC_WARN_UNDECLARED_SELECTOR = YES;
				GCC_WARN_UNINITIALIZED_AUTOS = YES_AGGRESSIVE;
				GCC_WARN_UNUSED_FUNCTION = YES;
				GCC_WARN_UNUSED_VARIABLE = YES;
				IPHONEOS_DEPLOYMENT_TARGET = 11.3;
				MTL_ENABLE_DEBUG_INFO = NO;
				SDKROOT = iphoneos;
				SWIFT_COMPILATION_MODE = wholemodule;
				SWIFT_OPTIMIZATION_LEVEL = "-O";
				VALIDATE_PRODUCT = YES;
			};
			name = Release;
		};
		474708A120B9794300D76BA2 /* Debug */ = {
			isa = XCBuildConfiguration;
			baseConfigurationReference = 84E8B1059C1B63C57BE04384 /* Pods-GeniusGame.debug.xcconfig */;
			buildSettings = {
				ASSETCATALOG_COMPILER_APPICON_NAME = AppIcon;
				CODE_SIGN_STYLE = Automatic;
				DEVELOPMENT_TEAM = GMH73LA6AA;
				INFOPLIST_FILE = GeniusGame/Resources/Info.plist;
				LD_RUNPATH_SEARCH_PATHS = (
					"$(inherited)",
					"@executable_path/Frameworks",
				);
				PRODUCT_BUNDLE_IDENTIFIER = com.andreVieira.GeniusGame;
				PRODUCT_NAME = "$(TARGET_NAME)";
				SWIFT_VERSION = 4.0;
				TARGETED_DEVICE_FAMILY = "1,2";
			};
			name = Debug;
		};
		474708A220B9794300D76BA2 /* Release */ = {
			isa = XCBuildConfiguration;
			baseConfigurationReference = D3239B960AEC0EE7399880C2 /* Pods-GeniusGame.release.xcconfig */;
			buildSettings = {
				ASSETCATALOG_COMPILER_APPICON_NAME = AppIcon;
				CODE_SIGN_STYLE = Automatic;
				DEVELOPMENT_TEAM = GMH73LA6AA;
				INFOPLIST_FILE = GeniusGame/Resources/Info.plist;
				LD_RUNPATH_SEARCH_PATHS = (
					"$(inherited)",
					"@executable_path/Frameworks",
				);
				PRODUCT_BUNDLE_IDENTIFIER = com.andreVieira.GeniusGame;
				PRODUCT_NAME = "$(TARGET_NAME)";
				SWIFT_VERSION = 4.0;
				TARGETED_DEVICE_FAMILY = "1,2";
			};
			name = Release;
		};
		474708A420B9794300D76BA2 /* Debug */ = {
			isa = XCBuildConfiguration;
			baseConfigurationReference = 6D49B2A3D693522C12B33A63 /* Pods-GeniusGameTests.debug.xcconfig */;
			buildSettings = {
				ALWAYS_EMBED_SWIFT_STANDARD_LIBRARIES = YES;
				BUNDLE_LOADER = "$(TEST_HOST)";
				CODE_SIGN_STYLE = Automatic;
				DEVELOPMENT_TEAM = GMH73LA6AA;
				INFOPLIST_FILE = GeniusGameTests/Info.plist;
				LD_RUNPATH_SEARCH_PATHS = (
					"$(inherited)",
					"@executable_path/Frameworks",
					"@loader_path/Frameworks",
				);
				PRODUCT_BUNDLE_IDENTIFIER = com.andreVieira.GeniusGameTests;
				PRODUCT_NAME = "$(TARGET_NAME)";
				SWIFT_VERSION = 4.0;
				TARGETED_DEVICE_FAMILY = "1,2";
				TEST_HOST = "$(BUILT_PRODUCTS_DIR)/GeniusGame.app/GeniusGame";
			};
			name = Debug;
		};
		474708A520B9794300D76BA2 /* Release */ = {
			isa = XCBuildConfiguration;
			baseConfigurationReference = 86AF5C213D4A143F4CE5C036 /* Pods-GeniusGameTests.release.xcconfig */;
			buildSettings = {
				ALWAYS_EMBED_SWIFT_STANDARD_LIBRARIES = YES;
				BUNDLE_LOADER = "$(TEST_HOST)";
				CODE_SIGN_STYLE = Automatic;
				DEVELOPMENT_TEAM = GMH73LA6AA;
				INFOPLIST_FILE = GeniusGameTests/Info.plist;
				LD_RUNPATH_SEARCH_PATHS = (
					"$(inherited)",
					"@executable_path/Frameworks",
					"@loader_path/Frameworks",
				);
				PRODUCT_BUNDLE_IDENTIFIER = com.andreVieira.GeniusGameTests;
				PRODUCT_NAME = "$(TARGET_NAME)";
				SWIFT_VERSION = 4.0;
				TARGETED_DEVICE_FAMILY = "1,2";
				TEST_HOST = "$(BUILT_PRODUCTS_DIR)/GeniusGame.app/GeniusGame";
			};
			name = Release;
		};
/* End XCBuildConfiguration section */

/* Begin XCConfigurationList section */
		4747087E20B9794100D76BA2 /* Build configuration list for PBXProject "GeniusGame" */ = {
			isa = XCConfigurationList;
			buildConfigurations = (
				4747089E20B9794300D76BA2 /* Debug */,
				4747089F20B9794300D76BA2 /* Release */,
			);
			defaultConfigurationIsVisible = 0;
			defaultConfigurationName = Release;
		};
		474708A020B9794300D76BA2 /* Build configuration list for PBXNativeTarget "GeniusGame" */ = {
			isa = XCConfigurationList;
			buildConfigurations = (
				474708A120B9794300D76BA2 /* Debug */,
				474708A220B9794300D76BA2 /* Release */,
			);
			defaultConfigurationIsVisible = 0;
			defaultConfigurationName = Release;
		};
		474708A320B9794300D76BA2 /* Build configuration list for PBXNativeTarget "GeniusGameTests" */ = {
			isa = XCConfigurationList;
			buildConfigurations = (
				474708A420B9794300D76BA2 /* Debug */,
				474708A520B9794300D76BA2 /* Release */,
			);
			defaultConfigurationIsVisible = 0;
			defaultConfigurationName = Release;
		};
/* End XCConfigurationList section */
	};
	rootObject = 4747087B20B9794100D76BA2 /* Project object */;
}
